// !$*UTF8*$!
{
	archiveVersion = 1;
	classes = {
	};
	objectVersion = 46;
	objects = {

/* Begin PBXBuildFile section */
		742441BD1C0C4ED4001A38B9 /* AppDelegate.swift in Sources */ = {isa = PBXBuildFile; fileRef = 742441BC1C0C4ED4001A38B9 /* AppDelegate.swift */; };
		742441BF1C0C4ED4001A38B9 /* CategoryViewController.swift in Sources */ = {isa = PBXBuildFile; fileRef = 742441BE1C0C4ED4001A38B9 /* CategoryViewController.swift */; };
		742441C21C0C4ED4001A38B9 /* Main.storyboard in Resources */ = {isa = PBXBuildFile; fileRef = 742441C01C0C4ED4001A38B9 /* Main.storyboard */; };
		742441C51C0C4ED4001A38B9 /* tinyNote1.xcdatamodeld in Sources */ = {isa = PBXBuildFile; fileRef = 742441C31C0C4ED4001A38B9 /* tinyNote1.xcdatamodeld */; };
		742441C71C0C4ED4001A38B9 /* Assets.xcassets in Resources */ = {isa = PBXBuildFile; fileRef = 742441C61C0C4ED4001A38B9 /* Assets.xcassets */; };
		742441CA1C0C4ED4001A38B9 /* LaunchScreen.storyboard in Resources */ = {isa = PBXBuildFile; fileRef = 742441C81C0C4ED4001A38B9 /* LaunchScreen.storyboard */; };
		742441D51C0C4ED5001A38B9 /* tinyNote1Tests.swift in Sources */ = {isa = PBXBuildFile; fileRef = 742441D41C0C4ED5001A38B9 /* tinyNote1Tests.swift */; };
		742441E01C0C4ED5001A38B9 /* tinyNote1UITests.swift in Sources */ = {isa = PBXBuildFile; fileRef = 742441DF1C0C4ED5001A38B9 /* tinyNote1UITests.swift */; };
		742441EE1C0C5002001A38B9 /* ListViewController.swift in Sources */ = {isa = PBXBuildFile; fileRef = 742441ED1C0C5002001A38B9 /* ListViewController.swift */; };
		742441F01C0C502D001A38B9 /* EditViewController.swift in Sources */ = {isa = PBXBuildFile; fileRef = 742441EF1C0C502D001A38B9 /* EditViewController.swift */; };
		CE13242B1C0ED2700013F044 /* CategoryList+CoreDataProperties.swift in Sources */ = {isa = PBXBuildFile; fileRef = CE1324271C0ED2700013F044 /* CategoryList+CoreDataProperties.swift */; };
		CE13242C1C0ED2700013F044 /* CategoryList.swift in Sources */ = {isa = PBXBuildFile; fileRef = CE1324281C0ED2700013F044 /* CategoryList.swift */; };
		CE13242D1C0ED2700013F044 /* NoteList+CoreDataProperties.swift in Sources */ = {isa = PBXBuildFile; fileRef = CE1324291C0ED2700013F044 /* NoteList+CoreDataProperties.swift */; };
		CE13242E1C0ED2700013F044 /* NoteList.swift in Sources */ = {isa = PBXBuildFile; fileRef = CE13242A1C0ED2700013F044 /* NoteList.swift */; };
		CE24126F1C17E65500104C9C /* ListInterfaceController.swift in Sources */ = {isa = PBXBuildFile; fileRef = CE24126E1C17E65500104C9C /* ListInterfaceController.swift */; };
		CE2412711C18423C00104C9C /* NoteRowController.swift in Sources */ = {isa = PBXBuildFile; fileRef = CE2412701C18423C00104C9C /* NoteRowController.swift */; };
		CE4716FC1C1943BA00587C3E /* NoteInterfaceController.swift in Sources */ = {isa = PBXBuildFile; fileRef = CE4716FB1C1943BA00587C3E /* NoteInterfaceController.swift */; };
		CE4716FE1C19470E00587C3E /* EditRowController.swift in Sources */ = {isa = PBXBuildFile; fileRef = CE4716FD1C19470E00587C3E /* EditRowController.swift */; };
		CE9CA36D1C1165020077F2E2 /* Interface.storyboard in Resources */ = {isa = PBXBuildFile; fileRef = CE9CA36B1C1165020077F2E2 /* Interface.storyboard */; };
		CE9CA36F1C1165020077F2E2 /* Assets.xcassets in Resources */ = {isa = PBXBuildFile; fileRef = CE9CA36E1C1165020077F2E2 /* Assets.xcassets */; };
		CE9CA3761C1165020077F2E2 /* watchNote Extension.appex in Embed App Extensions */ = {isa = PBXBuildFile; fileRef = CE9CA3751C1165020077F2E2 /* watchNote Extension.appex */; settings = {ATTRIBUTES = (RemoveHeadersOnCopy, ); }; };
		CE9CA37B1C1165020077F2E2 /* InterfaceController.swift in Sources */ = {isa = PBXBuildFile; fileRef = CE9CA37A1C1165020077F2E2 /* InterfaceController.swift */; };
		CE9CA37D1C1165020077F2E2 /* ExtensionDelegate.swift in Sources */ = {isa = PBXBuildFile; fileRef = CE9CA37C1C1165020077F2E2 /* ExtensionDelegate.swift */; };
		CE9CA37F1C1165020077F2E2 /* Assets.xcassets in Resources */ = {isa = PBXBuildFile; fileRef = CE9CA37E1C1165020077F2E2 /* Assets.xcassets */; };
		CE9CA3831C1165020077F2E2 /* watchNote.app in Embed Watch Content */ = {isa = PBXBuildFile; fileRef = CE9CA3691C1165020077F2E2 /* watchNote.app */; };
		CEF36D161C16F54600996D8C /* CategoryRowController.swift in Sources */ = {isa = PBXBuildFile; fileRef = CEF36D151C16F54600996D8C /* CategoryRowController.swift */; };
/* End PBXBuildFile section */

/* Begin PBXContainerItemProxy section */
		742441D11C0C4ED5001A38B9 /* PBXContainerItemProxy */ = {
			isa = PBXContainerItemProxy;
			containerPortal = 742441B11C0C4ED4001A38B9 /* Project object */;
			proxyType = 1;
			remoteGlobalIDString = 742441B81C0C4ED4001A38B9;
			remoteInfo = tinyNote1;
		};
		742441DC1C0C4ED5001A38B9 /* PBXContainerItemProxy */ = {
			isa = PBXContainerItemProxy;
			containerPortal = 742441B11C0C4ED4001A38B9 /* Project object */;
			proxyType = 1;
			remoteGlobalIDString = 742441B81C0C4ED4001A38B9;
			remoteInfo = tinyNote1;
		};
		CE9CA3771C1165020077F2E2 /* PBXContainerItemProxy */ = {
			isa = PBXContainerItemProxy;
			containerPortal = 742441B11C0C4ED4001A38B9 /* Project object */;
			proxyType = 1;
			remoteGlobalIDString = CE9CA3741C1165020077F2E2;
			remoteInfo = "watchNote Extension";
		};
		CE9CA3811C1165020077F2E2 /* PBXContainerItemProxy */ = {
			isa = PBXContainerItemProxy;
			containerPortal = 742441B11C0C4ED4001A38B9 /* Project object */;
			proxyType = 1;
			remoteGlobalIDString = CE9CA3681C1165020077F2E2;
			remoteInfo = watchNote;
		};
/* End PBXContainerItemProxy section */

/* Begin PBXCopyFilesBuildPhase section */
		CE9CA3891C1165030077F2E2 /* Embed App Extensions */ = {
			isa = PBXCopyFilesBuildPhase;
			buildActionMask = 2147483647;
			dstPath = "";
			dstSubfolderSpec = 13;
			files = (
				CE9CA3761C1165020077F2E2 /* watchNote Extension.appex in Embed App Extensions */,
			);
			name = "Embed App Extensions";
			runOnlyForDeploymentPostprocessing = 0;
		};
		CE9CA38B1C1165030077F2E2 /* Embed Watch Content */ = {
			isa = PBXCopyFilesBuildPhase;
			buildActionMask = 2147483647;
			dstPath = "$(CONTENTS_FOLDER_PATH)/Watch";
			dstSubfolderSpec = 16;
			files = (
				CE9CA3831C1165020077F2E2 /* watchNote.app in Embed Watch Content */,
			);
			name = "Embed Watch Content";
			runOnlyForDeploymentPostprocessing = 0;
		};
/* End PBXCopyFilesBuildPhase section */

/* Begin PBXFileReference section */
		742441B91C0C4ED4001A38B9 /* tinyNote1.app */ = {isa = PBXFileReference; explicitFileType = wrapper.application; includeInIndex = 0; path = tinyNote1.app; sourceTree = BUILT_PRODUCTS_DIR; };
		742441BC1C0C4ED4001A38B9 /* AppDelegate.swift */ = {isa = PBXFileReference; lastKnownFileType = sourcecode.swift; path = AppDelegate.swift; sourceTree = "<group>"; };
		742441BE1C0C4ED4001A38B9 /* CategoryViewController.swift */ = {isa = PBXFileReference; lastKnownFileType = sourcecode.swift; path = CategoryViewController.swift; sourceTree = "<group>"; };
		742441C11C0C4ED4001A38B9 /* Base */ = {isa = PBXFileReference; lastKnownFileType = file.storyboard; name = Base; path = Base.lproj/Main.storyboard; sourceTree = "<group>"; };
		742441C41C0C4ED4001A38B9 /* tinyNote1.xcdatamodel */ = {isa = PBXFileReference; lastKnownFileType = wrapper.xcdatamodel; path = tinyNote1.xcdatamodel; sourceTree = "<group>"; };
		742441C61C0C4ED4001A38B9 /* Assets.xcassets */ = {isa = PBXFileReference; lastKnownFileType = folder.assetcatalog; path = Assets.xcassets; sourceTree = "<group>"; };
		742441C91C0C4ED4001A38B9 /* Base */ = {isa = PBXFileReference; lastKnownFileType = file.storyboard; name = Base; path = Base.lproj/LaunchScreen.storyboard; sourceTree = "<group>"; };
		742441CB1C0C4ED4001A38B9 /* Info.plist */ = {isa = PBXFileReference; lastKnownFileType = text.plist.xml; path = Info.plist; sourceTree = "<group>"; };
		742441D01C0C4ED5001A38B9 /* tinyNote1Tests.xctest */ = {isa = PBXFileReference; explicitFileType = wrapper.cfbundle; includeInIndex = 0; path = tinyNote1Tests.xctest; sourceTree = BUILT_PRODUCTS_DIR; };
		742441D41C0C4ED5001A38B9 /* tinyNote1Tests.swift */ = {isa = PBXFileReference; lastKnownFileType = sourcecode.swift; path = tinyNote1Tests.swift; sourceTree = "<group>"; };
		742441D61C0C4ED5001A38B9 /* Info.plist */ = {isa = PBXFileReference; lastKnownFileType = text.plist.xml; path = Info.plist; sourceTree = "<group>"; };
		742441DB1C0C4ED5001A38B9 /* tinyNote1UITests.xctest */ = {isa = PBXFileReference; explicitFileType = wrapper.cfbundle; includeInIndex = 0; path = tinyNote1UITests.xctest; sourceTree = BUILT_PRODUCTS_DIR; };
		742441DF1C0C4ED5001A38B9 /* tinyNote1UITests.swift */ = {isa = PBXFileReference; lastKnownFileType = sourcecode.swift; path = tinyNote1UITests.swift; sourceTree = "<group>"; };
		742441E11C0C4ED5001A38B9 /* Info.plist */ = {isa = PBXFileReference; lastKnownFileType = text.plist.xml; path = Info.plist; sourceTree = "<group>"; };
		742441ED1C0C5002001A38B9 /* ListViewController.swift */ = {isa = PBXFileReference; fileEncoding = 4; lastKnownFileType = sourcecode.swift; path = ListViewController.swift; sourceTree = "<group>"; };
		742441EF1C0C502D001A38B9 /* EditViewController.swift */ = {isa = PBXFileReference; fileEncoding = 4; lastKnownFileType = sourcecode.swift; path = EditViewController.swift; sourceTree = "<group>"; };
		CE1324271C0ED2700013F044 /* CategoryList+CoreDataProperties.swift */ = {isa = PBXFileReference; fileEncoding = 4; lastKnownFileType = sourcecode.swift; name = "CategoryList+CoreDataProperties.swift"; path = "tinyNote1/Model/CategoryList+CoreDataProperties.swift"; sourceTree = "<group>"; };
		CE1324281C0ED2700013F044 /* CategoryList.swift */ = {isa = PBXFileReference; fileEncoding = 4; lastKnownFileType = sourcecode.swift; name = CategoryList.swift; path = tinyNote1/Model/CategoryList.swift; sourceTree = "<group>"; };
		CE1324291C0ED2700013F044 /* NoteList+CoreDataProperties.swift */ = {isa = PBXFileReference; fileEncoding = 4; lastKnownFileType = sourcecode.swift; name = "NoteList+CoreDataProperties.swift"; path = "tinyNote1/Model/NoteList+CoreDataProperties.swift"; sourceTree = "<group>"; };
		CE13242A1C0ED2700013F044 /* NoteList.swift */ = {isa = PBXFileReference; fileEncoding = 4; lastKnownFileType = sourcecode.swift; name = NoteList.swift; path = tinyNote1/Model/NoteList.swift; sourceTree = "<group>"; };
		CE24126E1C17E65500104C9C /* ListInterfaceController.swift */ = {isa = PBXFileReference; fileEncoding = 4; lastKnownFileType = sourcecode.swift; path = ListInterfaceController.swift; sourceTree = "<group>"; };
		CE2412701C18423C00104C9C /* NoteRowController.swift */ = {isa = PBXFileReference; fileEncoding = 4; lastKnownFileType = sourcecode.swift; path = NoteRowController.swift; sourceTree = "<group>"; };
		CE4716FB1C1943BA00587C3E /* NoteInterfaceController.swift */ = {isa = PBXFileReference; fileEncoding = 4; lastKnownFileType = sourcecode.swift; path = NoteInterfaceController.swift; sourceTree = "<group>"; };
		CE4716FD1C19470E00587C3E /* EditRowController.swift */ = {isa = PBXFileReference; fileEncoding = 4; lastKnownFileType = sourcecode.swift; path = EditRowController.swift; sourceTree = "<group>"; };
		CE9CA3691C1165020077F2E2 /* watchNote.app */ = {isa = PBXFileReference; explicitFileType = wrapper.application; includeInIndex = 0; path = watchNote.app; sourceTree = BUILT_PRODUCTS_DIR; };
		CE9CA36C1C1165020077F2E2 /* Base */ = {isa = PBXFileReference; lastKnownFileType = file.storyboard; name = Base; path = Base.lproj/Interface.storyboard; sourceTree = "<group>"; };
		CE9CA36E1C1165020077F2E2 /* Assets.xcassets */ = {isa = PBXFileReference; lastKnownFileType = folder.assetcatalog; path = Assets.xcassets; sourceTree = "<group>"; };
		CE9CA3701C1165020077F2E2 /* Info.plist */ = {isa = PBXFileReference; lastKnownFileType = text.plist.xml; path = Info.plist; sourceTree = "<group>"; };
		CE9CA3751C1165020077F2E2 /* watchNote Extension.appex */ = {isa = PBXFileReference; explicitFileType = "wrapper.app-extension"; includeInIndex = 0; path = "watchNote Extension.appex"; sourceTree = BUILT_PRODUCTS_DIR; };
		CE9CA37A1C1165020077F2E2 /* InterfaceController.swift */ = {isa = PBXFileReference; lastKnownFileType = sourcecode.swift; path = InterfaceController.swift; sourceTree = "<group>"; };
		CE9CA37C1C1165020077F2E2 /* ExtensionDelegate.swift */ = {isa = PBXFileReference; lastKnownFileType = sourcecode.swift; path = ExtensionDelegate.swift; sourceTree = "<group>"; };
		CE9CA37E1C1165020077F2E2 /* Assets.xcassets */ = {isa = PBXFileReference; lastKnownFileType = folder.assetcatalog; path = Assets.xcassets; sourceTree = "<group>"; };
		CE9CA3801C1165020077F2E2 /* Info.plist */ = {isa = PBXFileReference; lastKnownFileType = text.plist.xml; path = Info.plist; sourceTree = "<group>"; };
		CEF36D151C16F54600996D8C /* CategoryRowController.swift */ = {isa = PBXFileReference; fileEncoding = 4; lastKnownFileType = sourcecode.swift; path = CategoryRowController.swift; sourceTree = "<group>"; };
/* End PBXFileReference section */

/* Begin PBXFrameworksBuildPhase section */
		742441B61C0C4ED4001A38B9 /* Frameworks */ = {
			isa = PBXFrameworksBuildPhase;
			buildActionMask = 2147483647;
			files = (
			);
			runOnlyForDeploymentPostprocessing = 0;
		};
		742441CD1C0C4ED5001A38B9 /* Frameworks */ = {
			isa = PBXFrameworksBuildPhase;
			buildActionMask = 2147483647;
			files = (
			);
			runOnlyForDeploymentPostprocessing = 0;
		};
		742441D81C0C4ED5001A38B9 /* Frameworks */ = {
			isa = PBXFrameworksBuildPhase;
			buildActionMask = 2147483647;
			files = (
			);
			runOnlyForDeploymentPostprocessing = 0;
		};
		CE9CA3721C1165020077F2E2 /* Frameworks */ = {
			isa = PBXFrameworksBuildPhase;
			buildActionMask = 2147483647;
			files = (
			);
			runOnlyForDeploymentPostprocessing = 0;
		};
/* End PBXFrameworksBuildPhase section */

/* Begin PBXGroup section */
		742441B01C0C4ED4001A38B9 = {
			isa = PBXGroup;
			children = (
				742441BB1C0C4ED4001A38B9 /* tinyNote1 */,
				742441D31C0C4ED5001A38B9 /* tinyNote1Tests */,
				742441DE1C0C4ED5001A38B9 /* tinyNote1UITests */,
				CE9CA36A1C1165020077F2E2 /* watchNote */,
				CE9CA3791C1165020077F2E2 /* watchNote Extension */,
				742441BA1C0C4ED4001A38B9 /* Products */,
			);
			sourceTree = "<group>";
		};
		742441BA1C0C4ED4001A38B9 /* Products */ = {
			isa = PBXGroup;
			children = (
				742441B91C0C4ED4001A38B9 /* tinyNote1.app */,
				742441D01C0C4ED5001A38B9 /* tinyNote1Tests.xctest */,
				742441DB1C0C4ED5001A38B9 /* tinyNote1UITests.xctest */,
				CE9CA3691C1165020077F2E2 /* watchNote.app */,
				CE9CA3751C1165020077F2E2 /* watchNote Extension.appex */,
			);
			name = Products;
			sourceTree = "<group>";
		};
		742441BB1C0C4ED4001A38B9 /* tinyNote1 */ = {
			isa = PBXGroup;
			children = (
				742441BC1C0C4ED4001A38B9 /* AppDelegate.swift */,
				742441BE1C0C4ED4001A38B9 /* CategoryViewController.swift */,
				742441ED1C0C5002001A38B9 /* ListViewController.swift */,
				742441EF1C0C502D001A38B9 /* EditViewController.swift */,
				CE13242F1C0ED2770013F044 /* Model */,
				742441C01C0C4ED4001A38B9 /* Main.storyboard */,
				742441C61C0C4ED4001A38B9 /* Assets.xcassets */,
				742441C81C0C4ED4001A38B9 /* LaunchScreen.storyboard */,
				742441CB1C0C4ED4001A38B9 /* Info.plist */,
				742441C31C0C4ED4001A38B9 /* tinyNote1.xcdatamodeld */,
				CE1324261C0ED24E0013F044 /* Model */,
			);
			path = tinyNote1;
			sourceTree = "<group>";
		};
		742441D31C0C4ED5001A38B9 /* tinyNote1Tests */ = {
			isa = PBXGroup;
			children = (
				742441D41C0C4ED5001A38B9 /* tinyNote1Tests.swift */,
				742441D61C0C4ED5001A38B9 /* Info.plist */,
			);
			path = tinyNote1Tests;
			sourceTree = "<group>";
		};
		742441DE1C0C4ED5001A38B9 /* tinyNote1UITests */ = {
			isa = PBXGroup;
			children = (
				742441DF1C0C4ED5001A38B9 /* tinyNote1UITests.swift */,
				742441E11C0C4ED5001A38B9 /* Info.plist */,
			);
			path = tinyNote1UITests;
			sourceTree = "<group>";
		};
		CE1324261C0ED24E0013F044 /* Model */ = {
			isa = PBXGroup;
			children = (
			);
			name = Model;
			sourceTree = "<group>";
		};
		CE13242F1C0ED2770013F044 /* Model */ = {
			isa = PBXGroup;
			children = (
				CE1324271C0ED2700013F044 /* CategoryList+CoreDataProperties.swift */,
				CE1324281C0ED2700013F044 /* CategoryList.swift */,
				CE1324291C0ED2700013F044 /* NoteList+CoreDataProperties.swift */,
				CE13242A1C0ED2700013F044 /* NoteList.swift */,
			);
			name = Model;
			path = ..;
			sourceTree = "<group>";
		};
		CE9CA36A1C1165020077F2E2 /* watchNote */ = {
			isa = PBXGroup;
			children = (
				CE9CA36B1C1165020077F2E2 /* Interface.storyboard */,
				CE9CA36E1C1165020077F2E2 /* Assets.xcassets */,
				CE9CA3701C1165020077F2E2 /* Info.plist */,
			);
			path = watchNote;
			sourceTree = "<group>";
		};
		CE9CA3791C1165020077F2E2 /* watchNote Extension */ = {
			isa = PBXGroup;
			children = (
				CE9CA37A1C1165020077F2E2 /* InterfaceController.swift */,
				CE24126E1C17E65500104C9C /* ListInterfaceController.swift */,
				CE4716FB1C1943BA00587C3E /* NoteInterfaceController.swift */,
				CE9CA37C1C1165020077F2E2 /* ExtensionDelegate.swift */,
				CE9CA37E1C1165020077F2E2 /* Assets.xcassets */,
				CE9CA3801C1165020077F2E2 /* Info.plist */,
				CEF36D151C16F54600996D8C /* CategoryRowController.swift */,
				CE2412701C18423C00104C9C /* NoteRowController.swift */,
				CE4716FD1C19470E00587C3E /* EditRowController.swift */,
			);
			path = "watchNote Extension";
			sourceTree = "<group>";
		};
/* End PBXGroup section */

/* Begin PBXNativeTarget section */
		742441B81C0C4ED4001A38B9 /* tinyNote1 */ = {
			isa = PBXNativeTarget;
			buildConfigurationList = 742441E41C0C4ED5001A38B9 /* Build configuration list for PBXNativeTarget "tinyNote1" */;
			buildPhases = (
				742441B51C0C4ED4001A38B9 /* Sources */,
				742441B61C0C4ED4001A38B9 /* Frameworks */,
				742441B71C0C4ED4001A38B9 /* Resources */,
				CE9CA38B1C1165030077F2E2 /* Embed Watch Content */,
			);
			buildRules = (
			);
			dependencies = (
				CE9CA3821C1165020077F2E2 /* PBXTargetDependency */,
			);
			name = tinyNote1;
			productName = tinyNote1;
			productReference = 742441B91C0C4ED4001A38B9 /* tinyNote1.app */;
			productType = "com.apple.product-type.application";
		};
		742441CF1C0C4ED5001A38B9 /* tinyNote1Tests */ = {
			isa = PBXNativeTarget;
			buildConfigurationList = 742441E71C0C4ED5001A38B9 /* Build configuration list for PBXNativeTarget "tinyNote1Tests" */;
			buildPhases = (
				742441CC1C0C4ED5001A38B9 /* Sources */,
				742441CD1C0C4ED5001A38B9 /* Frameworks */,
				742441CE1C0C4ED5001A38B9 /* Resources */,
			);
			buildRules = (
			);
			dependencies = (
				742441D21C0C4ED5001A38B9 /* PBXTargetDependency */,
			);
			name = tinyNote1Tests;
			productName = tinyNote1Tests;
			productReference = 742441D01C0C4ED5001A38B9 /* tinyNote1Tests.xctest */;
			productType = "com.apple.product-type.bundle.unit-test";
		};
		742441DA1C0C4ED5001A38B9 /* tinyNote1UITests */ = {
			isa = PBXNativeTarget;
			buildConfigurationList = 742441EA1C0C4ED5001A38B9 /* Build configuration list for PBXNativeTarget "tinyNote1UITests" */;
			buildPhases = (
				742441D71C0C4ED5001A38B9 /* Sources */,
				742441D81C0C4ED5001A38B9 /* Frameworks */,
				742441D91C0C4ED5001A38B9 /* Resources */,
			);
			buildRules = (
			);
			dependencies = (
				742441DD1C0C4ED5001A38B9 /* PBXTargetDependency */,
			);
			name = tinyNote1UITests;
			productName = tinyNote1UITests;
			productReference = 742441DB1C0C4ED5001A38B9 /* tinyNote1UITests.xctest */;
			productType = "com.apple.product-type.bundle.ui-testing";
		};
		CE9CA3681C1165020077F2E2 /* watchNote */ = {
			isa = PBXNativeTarget;
			buildConfigurationList = CE9CA38A1C1165030077F2E2 /* Build configuration list for PBXNativeTarget "watchNote" */;
			buildPhases = (
				CE9CA3671C1165020077F2E2 /* Resources */,
				CE9CA3891C1165030077F2E2 /* Embed App Extensions */,
			);
			buildRules = (
			);
			dependencies = (
				CE9CA3781C1165020077F2E2 /* PBXTargetDependency */,
			);
			name = watchNote;
			productName = watchNote;
			productReference = CE9CA3691C1165020077F2E2 /* watchNote.app */;
			productType = "com.apple.product-type.application.watchapp2";
		};
		CE9CA3741C1165020077F2E2 /* watchNote Extension */ = {
			isa = PBXNativeTarget;
			buildConfigurationList = CE9CA3881C1165030077F2E2 /* Build configuration list for PBXNativeTarget "watchNote Extension" */;
			buildPhases = (
				CE9CA3711C1165020077F2E2 /* Sources */,
				CE9CA3721C1165020077F2E2 /* Frameworks */,
				CE9CA3731C1165020077F2E2 /* Resources */,
			);
			buildRules = (
			);
			dependencies = (
			);
			name = "watchNote Extension";
			productName = "watchNote Extension";
			productReference = CE9CA3751C1165020077F2E2 /* watchNote Extension.appex */;
			productType = "com.apple.product-type.watchkit2-extension";
		};
/* End PBXNativeTarget section */

/* Begin PBXProject section */
		742441B11C0C4ED4001A38B9 /* Project object */ = {
			isa = PBXProject;
			attributes = {
				LastSwiftUpdateCheck = 0710;
				LastUpgradeCheck = 0700;
				ORGANIZATIONNAME = "Mikhail Zhadko";
				TargetAttributes = {
					742441B81C0C4ED4001A38B9 = {
						CreatedOnToolsVersion = 7.0.1;
					};
					742441CF1C0C4ED5001A38B9 = {
						CreatedOnToolsVersion = 7.0.1;
						TestTargetID = 742441B81C0C4ED4001A38B9;
					};
					742441DA1C0C4ED5001A38B9 = {
						CreatedOnToolsVersion = 7.0.1;
						TestTargetID = 742441B81C0C4ED4001A38B9;
					};
					CE9CA3681C1165020077F2E2 = {
						CreatedOnToolsVersion = 7.1.1;
					};
					CE9CA3741C1165020077F2E2 = {
						CreatedOnToolsVersion = 7.1.1;
					};
				};
			};
			buildConfigurationList = 742441B41C0C4ED4001A38B9 /* Build configuration list for PBXProject "tinyNote1" */;
			compatibilityVersion = "Xcode 3.2";
			developmentRegion = English;
			hasScannedForEncodings = 0;
			knownRegions = (
				en,
				Base,
			);
			mainGroup = 742441B01C0C4ED4001A38B9;
			productRefGroup = 742441BA1C0C4ED4001A38B9 /* Products */;
			projectDirPath = "";
			projectRoot = "";
			targets = (
				742441B81C0C4ED4001A38B9 /* tinyNote1 */,
				742441CF1C0C4ED5001A38B9 /* tinyNote1Tests */,
				742441DA1C0C4ED5001A38B9 /* tinyNote1UITests */,
				CE9CA3681C1165020077F2E2 /* watchNote */,
				CE9CA3741C1165020077F2E2 /* watchNote Extension */,
			);
		};
/* End PBXProject section */

/* Begin PBXResourcesBuildPhase section */
		742441B71C0C4ED4001A38B9 /* Resources */ = {
			isa = PBXResourcesBuildPhase;
			buildActionMask = 2147483647;
			files = (
				742441CA1C0C4ED4001A38B9 /* LaunchScreen.storyboard in Resources */,
				742441C71C0C4ED4001A38B9 /* Assets.xcassets in Resources */,
				742441C21C0C4ED4001A38B9 /* Main.storyboard in Resources */,
			);
			runOnlyForDeploymentPostprocessing = 0;
		};
		742441CE1C0C4ED5001A38B9 /* Resources */ = {
			isa = PBXResourcesBuildPhase;
			buildActionMask = 2147483647;
			files = (
			);
			runOnlyForDeploymentPostprocessing = 0;
		};
		742441D91C0C4ED5001A38B9 /* Resources */ = {
			isa = PBXResourcesBuildPhase;
			buildActionMask = 2147483647;
			files = (
			);
			runOnlyForDeploymentPostprocessing = 0;
		};
		CE9CA3671C1165020077F2E2 /* Resources */ = {
			isa = PBXResourcesBuildPhase;
			buildActionMask = 2147483647;
			files = (
				CE9CA36F1C1165020077F2E2 /* Assets.xcassets in Resources */,
				CE9CA36D1C1165020077F2E2 /* Interface.storyboard in Resources */,
			);
			runOnlyForDeploymentPostprocessing = 0;
		};
		CE9CA3731C1165020077F2E2 /* Resources */ = {
			isa = PBXResourcesBuildPhase;
			buildActionMask = 2147483647;
			files = (
				CE9CA37F1C1165020077F2E2 /* Assets.xcassets in Resources */,
			);
			runOnlyForDeploymentPostprocessing = 0;
		};
/* End PBXResourcesBuildPhase section */

/* Begin PBXSourcesBuildPhase section */
		742441B51C0C4ED4001A38B9 /* Sources */ = {
			isa = PBXSourcesBuildPhase;
			buildActionMask = 2147483647;
			files = (
				742441F01C0C502D001A38B9 /* EditViewController.swift in Sources */,
				742441BF1C0C4ED4001A38B9 /* CategoryViewController.swift in Sources */,
				742441BD1C0C4ED4001A38B9 /* AppDelegate.swift in Sources */,
				CE13242B1C0ED2700013F044 /* CategoryList+CoreDataProperties.swift in Sources */,
				742441EE1C0C5002001A38B9 /* ListViewController.swift in Sources */,
				CE13242E1C0ED2700013F044 /* NoteList.swift in Sources */,
				742441C51C0C4ED4001A38B9 /* tinyNote1.xcdatamodeld in Sources */,
				CE13242C1C0ED2700013F044 /* CategoryList.swift in Sources */,
				CE13242D1C0ED2700013F044 /* NoteList+CoreDataProperties.swift in Sources */,
			);
			runOnlyForDeploymentPostprocessing = 0;
		};
		742441CC1C0C4ED5001A38B9 /* Sources */ = {
			isa = PBXSourcesBuildPhase;
			buildActionMask = 2147483647;
			files = (
				742441D51C0C4ED5001A38B9 /* tinyNote1Tests.swift in Sources */,
			);
			runOnlyForDeploymentPostprocessing = 0;
		};
		742441D71C0C4ED5001A38B9 /* Sources */ = {
			isa = PBXSourcesBuildPhase;
			buildActionMask = 2147483647;
			files = (
				742441E01C0C4ED5001A38B9 /* tinyNote1UITests.swift in Sources */,
			);
			runOnlyForDeploymentPostprocessing = 0;
		};
		CE9CA3711C1165020077F2E2 /* Sources */ = {
			isa = PBXSourcesBuildPhase;
			buildActionMask = 2147483647;
			files = (
				CE9CA37D1C1165020077F2E2 /* ExtensionDelegate.swift in Sources */,
				CE24126F1C17E65500104C9C /* ListInterfaceController.swift in Sources */,
				CE9CA37B1C1165020077F2E2 /* InterfaceController.swift in Sources */,
				CE4716FE1C19470E00587C3E /* EditRowController.swift in Sources */,
				CE2412711C18423C00104C9C /* NoteRowController.swift in Sources */,
				CEF36D161C16F54600996D8C /* CategoryRowController.swift in Sources */,
				CE4716FC1C1943BA00587C3E /* NoteInterfaceController.swift in Sources */,
			);
			runOnlyForDeploymentPostprocessing = 0;
		};
/* End PBXSourcesBuildPhase section */

/* Begin PBXTargetDependency section */
		742441D21C0C4ED5001A38B9 /* PBXTargetDependency */ = {
			isa = PBXTargetDependency;
			target = 742441B81C0C4ED4001A38B9 /* tinyNote1 */;
			targetProxy = 742441D11C0C4ED5001A38B9 /* PBXContainerItemProxy */;
		};
		742441DD1C0C4ED5001A38B9 /* PBXTargetDependency */ = {
			isa = PBXTargetDependency;
			target = 742441B81C0C4ED4001A38B9 /* tinyNote1 */;
			targetProxy = 742441DC1C0C4ED5001A38B9 /* PBXContainerItemProxy */;
		};
		CE9CA3781C1165020077F2E2 /* PBXTargetDependency */ = {
			isa = PBXTargetDependency;
			target = CE9CA3741C1165020077F2E2 /* watchNote Extension */;
			targetProxy = CE9CA3771C1165020077F2E2 /* PBXContainerItemProxy */;
		};
		CE9CA3821C1165020077F2E2 /* PBXTargetDependency */ = {
			isa = PBXTargetDependency;
			target = CE9CA3681C1165020077F2E2 /* watchNote */;
			targetProxy = CE9CA3811C1165020077F2E2 /* PBXContainerItemProxy */;
		};
/* End PBXTargetDependency section */

/* Begin PBXVariantGroup section */
		742441C01C0C4ED4001A38B9 /* Main.storyboard */ = {
			isa = PBXVariantGroup;
			children = (
				742441C11C0C4ED4001A38B9 /* Base */,
			);
			name = Main.storyboard;
			sourceTree = "<group>";
		};
		742441C81C0C4ED4001A38B9 /* LaunchScreen.storyboard */ = {
			isa = PBXVariantGroup;
			children = (
				742441C91C0C4ED4001A38B9 /* Base */,
			);
			name = LaunchScreen.storyboard;
			sourceTree = "<group>";
		};
		CE9CA36B1C1165020077F2E2 /* Interface.storyboard */ = {
			isa = PBXVariantGroup;
			children = (
				CE9CA36C1C1165020077F2E2 /* Base */,
			);
			name = Interface.storyboard;
			sourceTree = "<group>";
		};
/* End PBXVariantGroup section */

/* Begin XCBuildConfiguration section */
		742441E21C0C4ED5001A38B9 /* Debug */ = {
			isa = XCBuildConfiguration;
			buildSettings = {
				ALWAYS_SEARCH_USER_PATHS = NO;
				CLANG_CXX_LANGUAGE_STANDARD = "gnu++0x";
				CLANG_CXX_LIBRARY = "libc++";
				CLANG_ENABLE_MODULES = YES;
				CLANG_ENABLE_OBJC_ARC = YES;
				CLANG_WARN_BOOL_CONVERSION = YES;
				CLANG_WARN_CONSTANT_CONVERSION = YES;
				CLANG_WARN_DIRECT_OBJC_ISA_USAGE = YES_ERROR;
				CLANG_WARN_EMPTY_BODY = YES;
				CLANG_WARN_ENUM_CONVERSION = YES;
				CLANG_WARN_INT_CONVERSION = YES;
				CLANG_WARN_OBJC_ROOT_CLASS = YES_ERROR;
				CLANG_WARN_UNREACHABLE_CODE = YES;
				CLANG_WARN__DUPLICATE_METHOD_MATCH = YES;
				"CODE_SIGN_IDENTITY[sdk=iphoneos*]" = "iPhone Developer";
				COPY_PHASE_STRIP = NO;
				DEBUG_INFORMATION_FORMAT = dwarf;
				ENABLE_STRICT_OBJC_MSGSEND = YES;
				ENABLE_TESTABILITY = YES;
				GCC_C_LANGUAGE_STANDARD = gnu99;
				GCC_DYNAMIC_NO_PIC = NO;
				GCC_NO_COMMON_BLOCKS = YES;
				GCC_OPTIMIZATION_LEVEL = 0;
				GCC_PREPROCESSOR_DEFINITIONS = (
					"DEBUG=1",
					"$(inherited)",
				);
				GCC_WARN_64_TO_32_BIT_CONVERSION = YES;
				GCC_WARN_ABOUT_RETURN_TYPE = YES_ERROR;
				GCC_WARN_UNDECLARED_SELECTOR = YES;
				GCC_WARN_UNINITIALIZED_AUTOS = YES_AGGRESSIVE;
				GCC_WARN_UNUSED_FUNCTION = YES;
				GCC_WARN_UNUSED_VARIABLE = YES;
				IPHONEOS_DEPLOYMENT_TARGET = 9.0;
				MTL_ENABLE_DEBUG_INFO = YES;
				ONLY_ACTIVE_ARCH = YES;
				SDKROOT = iphoneos;
				SWIFT_OPTIMIZATION_LEVEL = "-Onone";
			};
			name = Debug;
		};
		742441E31C0C4ED5001A38B9 /* Release */ = {
			isa = XCBuildConfiguration;
			buildSettings = {
				ALWAYS_SEARCH_USER_PATHS = NO;
				CLANG_CXX_LANGUAGE_STANDARD = "gnu++0x";
				CLANG_CXX_LIBRARY = "libc++";
				CLANG_ENABLE_MODULES = YES;
				CLANG_ENABLE_OBJC_ARC = YES;
				CLANG_WARN_BOOL_CONVERSION = YES;
				CLANG_WARN_CONSTANT_CONVERSION = YES;
				CLANG_WARN_DIRECT_OBJC_ISA_USAGE = YES_ERROR;
				CLANG_WARN_EMPTY_BODY = YES;
				CLANG_WARN_ENUM_CONVERSION = YES;
				CLANG_WARN_INT_CONVERSION = YES;
				CLANG_WARN_OBJC_ROOT_CLASS = YES_ERROR;
				CLANG_WARN_UNREACHABLE_CODE = YES;
				CLANG_WARN__DUPLICATE_METHOD_MATCH = YES;
				"CODE_SIGN_IDENTITY[sdk=iphoneos*]" = "iPhone Developer";
				COPY_PHASE_STRIP = NO;
				DEBUG_INFORMATION_FORMAT = "dwarf-with-dsym";
				ENABLE_NS_ASSERTIONS = NO;
				ENABLE_STRICT_OBJC_MSGSEND = YES;
				GCC_C_LANGUAGE_STANDARD = gnu99;
				GCC_NO_COMMON_BLOCKS = YES;
				GCC_WARN_64_TO_32_BIT_CONVERSION = YES;
				GCC_WARN_ABOUT_RETURN_TYPE = YES_ERROR;
				GCC_WARN_UNDECLARED_SELECTOR = YES;
				GCC_WARN_UNINITIALIZED_AUTOS = YES_AGGRESSIVE;
				GCC_WARN_UNUSED_FUNCTION = YES;
				GCC_WARN_UNUSED_VARIABLE = YES;
				IPHONEOS_DEPLOYMENT_TARGET = 9.0;
				MTL_ENABLE_DEBUG_INFO = NO;
				SDKROOT = iphoneos;
				VALIDATE_PRODUCT = YES;
			};
			name = Release;
		};
		742441E51C0C4ED5001A38B9 /* Debug */ = {
			isa = XCBuildConfiguration;
			buildSettings = {
				ASSETCATALOG_COMPILER_APPICON_NAME = AppIcon;
				CLANG_ENABLE_MODULES = YES;
				CODE_SIGN_IDENTITY = "iPhone Developer";
				INFOPLIST_FILE = tinyNote1/Info.plist;
				LD_RUNPATH_SEARCH_PATHS = "$(inherited) @executable_path/Frameworks";
				PRODUCT_BUNDLE_IDENTIFIER = "MZ-LLC.tinyNote1";
				PRODUCT_NAME = "$(TARGET_NAME)";
				SWIFT_OPTIMIZATION_LEVEL = "-Onone";
			};
			name = Debug;
		};
		742441E61C0C4ED5001A38B9 /* Release */ = {
			isa = XCBuildConfiguration;
			buildSettings = {
				ASSETCATALOG_COMPILER_APPICON_NAME = AppIcon;
				CLANG_ENABLE_MODULES = YES;
				CODE_SIGN_IDENTITY = "iPhone Developer";
				INFOPLIST_FILE = tinyNote1/Info.plist;
				LD_RUNPATH_SEARCH_PATHS = "$(inherited) @executable_path/Frameworks";
				PRODUCT_BUNDLE_IDENTIFIER = "MZ-LLC.tinyNote1";
				PRODUCT_NAME = "$(TARGET_NAME)";
			};
			name = Release;
		};
		742441E81C0C4ED5001A38B9 /* Debug */ = {
			isa = XCBuildConfiguration;
			buildSettings = {
				BUNDLE_LOADER = "$(TEST_HOST)";
				INFOPLIST_FILE = tinyNote1Tests/Info.plist;
				LD_RUNPATH_SEARCH_PATHS = "$(inherited) @executable_path/Frameworks @loader_path/Frameworks";
				PRODUCT_BUNDLE_IDENTIFIER = "MZ-LLC.tinyNote1Tests";
				PRODUCT_NAME = "$(TARGET_NAME)";
				TEST_HOST = "$(BUILT_PRODUCTS_DIR)/tinyNote1.app/tinyNote1";
			};
			name = Debug;
		};
		742441E91C0C4ED5001A38B9 /* Release */ = {
			isa = XCBuildConfiguration;
			buildSettings = {
				BUNDLE_LOADER = "$(TEST_HOST)";
				INFOPLIST_FILE = tinyNote1Tests/Info.plist;
				LD_RUNPATH_SEARCH_PATHS = "$(inherited) @executable_path/Frameworks @loader_path/Frameworks";
				PRODUCT_BUNDLE_IDENTIFIER = "MZ-LLC.tinyNote1Tests";
				PRODUCT_NAME = "$(TARGET_NAME)";
				TEST_HOST = "$(BUILT_PRODUCTS_DIR)/tinyNote1.app/tinyNote1";
			};
			name = Release;
		};
		742441EB1C0C4ED5001A38B9 /* Debug */ = {
			isa = XCBuildConfiguration;
			buildSettings = {
				INFOPLIST_FILE = tinyNote1UITests/Info.plist;
				LD_RUNPATH_SEARCH_PATHS = "$(inherited) @executable_path/Frameworks @loader_path/Frameworks";
				PRODUCT_BUNDLE_IDENTIFIER = "MZ-LLC.tinyNote1UITests";
				PRODUCT_NAME = "$(TARGET_NAME)";
				TEST_TARGET_NAME = tinyNote1;
				USES_XCTRUNNER = YES;
			};
			name = Debug;
		};
		742441EC1C0C4ED5001A38B9 /* Release */ = {
			isa = XCBuildConfiguration;
			buildSettings = {
				INFOPLIST_FILE = tinyNote1UITests/Info.plist;
				LD_RUNPATH_SEARCH_PATHS = "$(inherited) @executable_path/Frameworks @loader_path/Frameworks";
				PRODUCT_BUNDLE_IDENTIFIER = "MZ-LLC.tinyNote1UITests";
				PRODUCT_NAME = "$(TARGET_NAME)";
				TEST_TARGET_NAME = tinyNote1;
				USES_XCTRUNNER = YES;
			};
			name = Release;
		};
		CE9CA3841C1165020077F2E2 /* Debug */ = {
			isa = XCBuildConfiguration;
			buildSettings = {
				ASSETCATALOG_COMPILER_APPICON_NAME = AppIcon;
				CODE_SIGN_IDENTITY = "iPhone Developer";
				EMBEDDED_CONTENT_CONTAINS_SWIFT = YES;
				IBSC_MODULE = watchNote_Extension;
				INFOPLIST_FILE = watchNote/Info.plist;
				PRODUCT_BUNDLE_IDENTIFIER = "MZ-LLC.tinyNote1.watchkitapp";
				PRODUCT_NAME = "$(TARGET_NAME)";
				SDKROOT = watchos;
				SKIP_INSTALL = YES;
				TARGETED_DEVICE_FAMILY = 4;
				WATCHOS_DEPLOYMENT_TARGET = 2.0;
			};
			name = Debug;
		};
		CE9CA3851C1165020077F2E2 /* Release */ = {
			isa = XCBuildConfiguration;
			buildSettings = {
				ASSETCATALOG_COMPILER_APPICON_NAME = AppIcon;
				CODE_SIGN_IDENTITY = "iPhone Developer";
				EMBEDDED_CONTENT_CONTAINS_SWIFT = YES;
				IBSC_MODULE = watchNote_Extension;
				INFOPLIST_FILE = watchNote/Info.plist;
				PRODUCT_BUNDLE_IDENTIFIER = "MZ-LLC.tinyNote1.watchkitapp";
				PRODUCT_NAME = "$(TARGET_NAME)";
				SDKROOT = watchos;
				SKIP_INSTALL = YES;
				TARGETED_DEVICE_FAMILY = 4;
				WATCHOS_DEPLOYMENT_TARGET = 2.0;
			};
			name = Release;
		};
		CE9CA3861C1165020077F2E2 /* Debug */ = {
			isa = XCBuildConfiguration;
			buildSettings = {
				INFOPLIST_FILE = "watchNote Extension/Info.plist";
				LD_RUNPATH_SEARCH_PATHS = "$(inherited) @executable_path/Frameworks @executable_path/../../Frameworks";
				PRODUCT_BUNDLE_IDENTIFIER = "MZ-LLC.tinyNote1.watchkitapp.watchkitextension";
				PRODUCT_NAME = "${TARGET_NAME}";
				SDKROOT = watchos;
				SKIP_INSTALL = YES;
				TARGETED_DEVICE_FAMILY = 4;
				WATCHOS_DEPLOYMENT_TARGET = 2.0;
			};
			name = Debug;
		};
		CE9CA3871C1165030077F2E2 /* Release */ = {
			isa = XCBuildConfiguration;
			buildSettings = {
				INFOPLIST_FILE = "watchNote Extension/Info.plist";
				LD_RUNPATH_SEARCH_PATHS = "$(inherited) @executable_path/Frameworks @executable_path/../../Frameworks";
				PRODUCT_BUNDLE_IDENTIFIER = "MZ-LLC.tinyNote1.watchkitapp.watchkitextension";
				PRODUCT_NAME = "${TARGET_NAME}";
				SDKROOT = watchos;
				SKIP_INSTALL = YES;
				TARGETED_DEVICE_FAMILY = 4;
				WATCHOS_DEPLOYMENT_TARGET = 2.0;
			};
			name = Release;
		};
/* End XCBuildConfiguration section */

/* Begin XCConfigurationList section */
		742441B41C0C4ED4001A38B9 /* Build configuration list for PBXProject "tinyNote1" */ = {
			isa = XCConfigurationList;
			buildConfigurations = (
				742441E21C0C4ED5001A38B9 /* Debug */,
				742441E31C0C4ED5001A38B9 /* Release */,
			);
			defaultConfigurationIsVisible = 0;
			defaultConfigurationName = Release;
		};
		742441E41C0C4ED5001A38B9 /* Build configuration list for PBXNativeTarget "tinyNote1" */ = {
			isa = XCConfigurationList;
			buildConfigurations = (
				742441E51C0C4ED5001A38B9 /* Debug */,
				742441E61C0C4ED5001A38B9 /* Release */,
			);
			defaultConfigurationIsVisible = 0;
			defaultConfigurationName = Release;
		};
		742441E71C0C4ED5001A38B9 /* Build configuration list for PBXNativeTarget "tinyNote1Tests" */ = {
			isa = XCConfigurationList;
			buildConfigurations = (
				742441E81C0C4ED5001A38B9 /* Debug */,
				742441E91C0C4ED5001A38B9 /* Release */,
			);
			defaultConfigurationIsVisible = 0;
			defaultConfigurationName = Release;
		};
		742441EA1C0C4ED5001A38B9 /* Build configuration list for PBXNativeTarget "tinyNote1UITests" */ = {
			isa = XCConfigurationList;
			buildConfigurations = (
				742441EB1C0C4ED5001A38B9 /* Debug */,
				742441EC1C0C4ED5001A38B9 /* Release */,
			);
			defaultConfigurationIsVisible = 0;
			defaultConfigurationName = Release;
		};
		CE9CA3881C1165030077F2E2 /* Build configuration list for PBXNativeTarget "watchNote Extension" */ = {
			isa = XCConfigurationList;
			buildConfigurations = (
				CE9CA3861C1165020077F2E2 /* Debug */,
				CE9CA3871C1165030077F2E2 /* Release */,
			);
			defaultConfigurationIsVisible = 0;
			defaultConfigurationName = Release;
		};
		CE9CA38A1C1165030077F2E2 /* Build configuration list for PBXNativeTarget "watchNote" */ = {
			isa = XCConfigurationList;
			buildConfigurations = (
				CE9CA3841C1165020077F2E2 /* Debug */,
				CE9CA3851C1165020077F2E2 /* Release */,
			);
			defaultConfigurationIsVisible = 0;
			defaultConfigurationName = Release;
		};
/* End XCConfigurationList section */

/* Begin XCVersionGroup section */
		742441C31C0C4ED4001A38B9 /* tinyNote1.xcdatamodeld */ = {
			isa = XCVersionGroup;
			children = (
				742441C41C0C4ED4001A38B9 /* tinyNote1.xcdatamodel */,
			);
			currentVersion = 742441C41C0C4ED4001A38B9 /* tinyNote1.xcdatamodel */;
			path = tinyNote1.xcdatamodeld;
			sourceTree = "<group>";
			versionGroupType = wrapper.xcdatamodel;
		};
/* End XCVersionGroup section */
	};
	rootObject = 742441B11C0C4ED4001A38B9 /* Project object */;
}
